
Microsoft Visual Studio Solution File, Format Version 12.00
# Visual Studio Version 17
VisualStudioVersion = 17.6.33801.468
MinimumVisualStudioVersion = 10.0.40219.1
Project("{FAE04EC0-301F-11D3-BF4B-00C04F79EFBC}") = "OddOccurrencesInArray", "OddOccurrencesInArray\OddOccurrencesInArray.csproj", "{696686B2-B0B4-4C16-8020-4E3B92E75504}"
EndProject
Global
	GlobalSection(SolutionConfigurationPlatforms) = preSolution
		Debug|Any CPU = Debug|Any CPU
		Release|Any CPU = Release|Any CPU
	EndGlobalSection
	GlobalSection(ProjectConfigurationPlatforms) = postSolution
		{696686B2-B0B4-4C16-8020-4E3B92E75504}.Debug|Any CPU.ActiveCfg = Debug|Any CPU
		{696686B2-B0B4-4C16-8020-4E3B92E75504}.Debug|Any CPU.Build.0 = Debug|Any CPU
		{696686B2-B0B4-4C16-8020-4E3B92E75504}.Release|Any CPU.ActiveCfg = Release|Any CPU
		{696686B2-B0B4-4C16-8020-4E3B92E75504}.Release|Any CPU.Build.0 = Release|Any CPU
	EndGlobalSection
	GlobalSection(SolutionProperties) = preSolution
		HideSolutionNode = FALSE
	EndGlobalSection
	GlobalSection(ExtensibilityGlobals) = postSolution
		SolutionGuid = {8CFB2B1A-41AA-48C5-B591-92FA0FDAE581}
	EndGlobalSection
EndGlobal
