
Microsoft Visual Studio Solution File, Format Version 12.00
# Visual Studio Version 17
VisualStudioVersion = 17.6.33801.468
MinimumVisualStudioVersion = 10.0.40219.1
Project("{FAE04EC0-301F-11D3-BF4B-00C04F79EFBC}") = "FrogJmp", "FrogJmp\FrogJmp.csproj", "{47009CCC-EE74-464F-9D8A-52A352408E8B}"
EndProject
Global
	GlobalSection(SolutionConfigurationPlatforms) = preSolution
		Debug|Any CPU = Debug|Any CPU
		Release|Any CPU = Release|Any CPU
	EndGlobalSection
	GlobalSection(ProjectConfigurationPlatforms) = postSolution
		{47009CCC-EE74-464F-9D8A-52A352408E8B}.Debug|Any CPU.ActiveCfg = Debug|Any CPU
		{47009CCC-EE74-464F-9D8A-52A352408E8B}.Debug|Any CPU.Build.0 = Debug|Any CPU
		{47009CCC-EE74-464F-9D8A-52A352408E8B}.Release|Any CPU.ActiveCfg = Release|Any CPU
		{47009CCC-EE74-464F-9D8A-52A352408E8B}.Release|Any CPU.Build.0 = Release|Any CPU
	EndGlobalSection
	GlobalSection(SolutionProperties) = preSolution
		HideSolutionNode = FALSE
	EndGlobalSection
	GlobalSection(ExtensibilityGlobals) = postSolution
		SolutionGuid = {0A751AAE-589E-432E-92A9-032CDA9AC764}
	EndGlobalSection
EndGlobal
