
Microsoft Visual Studio Solution File, Format Version 12.00
# Visual Studio Version 17
VisualStudioVersion = 17.6.33801.468
MinimumVisualStudioVersion = 10.0.40219.1
Project("{9A19103F-16F7-4668-BE54-9A1E7A4F7556}") = "CodilityLessons", "CodilityLessons\CodilityLessons.csproj", "{395FA8C3-024F-4153-9117-BBDC364FF2B5}"
EndProject
Project("{FAE04EC0-301F-11D3-BF4B-00C04F79EFBC}") = "CodilityLessons.Test", "CodilityLessons.Test\CodilityLessons.Test.csproj", "{3FFDF8F0-1399-4380-B409-05350E108F09}"
EndProject
Global
	GlobalSection(SolutionConfigurationPlatforms) = preSolution
		Debug|Any CPU = Debug|Any CPU
		Release|Any CPU = Release|Any CPU
	EndGlobalSection
	GlobalSection(ProjectConfigurationPlatforms) = postSolution
		{395FA8C3-024F-4153-9117-BBDC364FF2B5}.Debug|Any CPU.ActiveCfg = Debug|Any CPU
		{395FA8C3-024F-4153-9117-BBDC364FF2B5}.Debug|Any CPU.Build.0 = Debug|Any CPU
		{395FA8C3-024F-4153-9117-BBDC364FF2B5}.Release|Any CPU.ActiveCfg = Release|Any CPU
		{395FA8C3-024F-4153-9117-BBDC364FF2B5}.Release|Any CPU.Build.0 = Release|Any CPU
		{3FFDF8F0-1399-4380-B409-05350E108F09}.Debug|Any CPU.ActiveCfg = Debug|Any CPU
		{3FFDF8F0-1399-4380-B409-05350E108F09}.Debug|Any CPU.Build.0 = Debug|Any CPU
		{3FFDF8F0-1399-4380-B409-05350E108F09}.Release|Any CPU.ActiveCfg = Release|Any CPU
		{3FFDF8F0-1399-4380-B409-05350E108F09}.Release|Any CPU.Build.0 = Release|Any CPU
	EndGlobalSection
	GlobalSection(SolutionProperties) = preSolution
		HideSolutionNode = FALSE
	EndGlobalSection
	GlobalSection(ExtensibilityGlobals) = postSolution
		SolutionGuid = {B4842CBB-A649-4022-9676-2E7477E0F419}
	EndGlobalSection
EndGlobal
